{
  "name": "npm-demo-parent",
  "version": "1.0.0",
  "lockfileVersion": 2,
  "requires": true,
  "packages": {
    "": {
      "name": "npm-demo-parent",
      "version": "1.0.0",
      "license": "ISC",
      "dependencies": {
        "@spake/npm-demo-dependency": "^2.0.0"
      },
      "peerDependencies": {
        "@spake/npm-demo-peer-dependency": "^1.0.0"
      }
    },
    "node_modules/@spake/npm-demo-dependency": {
      "version": "2.0.1",
      "resolved": "https://registry.npmjs.org/@spake/npm-demo-dependency/-/npm-demo-dependency-2.0.1.tgz",
      "integrity": "sha512-3FJbRi2lYORXsqJFtvPVR+eZa8m/gPiJdDinZNHX530N3CtD+Wtymv8wjZRaAu7EXp87w+NiZcVGedHyc9WZDw==",
      "dependencies": {
        "@spake/npm-demo-shared-dependency": "^1.0.0"
      }
    },
    "node_modules/@spake/npm-demo-peer-dependency": {
      "version": "1.5.0",
      "resolved": "https://registry.npmjs.org/@spake/npm-demo-peer-dependency/-/npm-demo-peer-dependency-1.5.0.tgz",
      "integrity": "sha512-JoQuoIDOmhWqtDKd/cOnn3R9VoD5PzA5Q14+t+ipWh1KqTt2a/3RG+yldeldc136QYSRSmCNUDC6Q6rR3Ru9mg==",
      "peer": true
    },
    "node_modules/@spake/npm-demo-shared-dependency": {
      "version": "1.0.0",
      "resolved": "https://registry.npmjs.org/@spake/npm-demo-shared-dependency/-/npm-demo-shared-dependency-1.0.0.tgz",
      "integrity": "sha512-f+2qlLx/klGin3P4G+fxwdh23QdM1aR/MpkRksHXkVRn6G7gM/CNKQXpc9RTC41PsXlTZcYGn9x2WElDcP3v6w=="
    }
  },
  "dependencies": {
    "@spake/npm-demo-dependency": {
      "version": "2.0.1",
      "resolved": "https://registry.npmjs.org/@spake/npm-demo-dependency/-/npm-demo-dependency-2.0.1.tgz",
      "integrity": "sha512-3FJbRi2lYORXsqJFtvPVR+eZa8m/gPiJdDinZNHX530N3CtD+Wtymv8wjZRaAu7EXp87w+NiZcVGedHyc9WZDw==",
      "requires": {
        "@spake/npm-demo-shared-dependency": "^1.0.0"
      }
    },
    "@spake/npm-demo-peer-dependency": {
      "version": "1.5.0",
      "resolved": "https://registry.npmjs.org/@spake/npm-demo-peer-dependency/-/npm-demo-peer-dependency-1.5.0.tgz",
      "integrity": "sha512-JoQuoIDOmhWqtDKd/cOnn3R9VoD5PzA5Q14+t+ipWh1KqTt2a/3RG+yldeldc136QYSRSmCNUDC6Q6rR3Ru9mg==",
      "peer": true
    },
    "@spake/npm-demo-shared-dependency": {
      "version": "1.0.0",
      "resolved": "https://registry.npmjs.org/@spake/npm-demo-shared-dependency/-/npm-demo-shared-dependency-1.0.0.tgz",
      "integrity": "sha512-f+2qlLx/klGin3P4G+fxwdh23QdM1aR/MpkRksHXkVRn6G7gM/CNKQXpc9RTC41PsXlTZcYGn9x2WElDcP3v6w=="
    }
  }
}
