{
  "name": "npm-demo-parent",
  "version": "1.0.0",
  "lockfileVersion": 2,
  "requires": true,
  "packages": {
    "": {
      "name": "npm-demo-parent",
      "version": "1.0.0",
      "license": "ISC",
      "dependencies": {
        "@spake/npm-demo-dependency": "^2.0.0",
        "@spake/npm-demo-peer-dependency": "^2.0.0"
      }
    },
    "node_modules/@spake/npm-demo-dependency": {
      "version": "2.0.2",
      "resolved": "https://registry.npmjs.org/@spake/npm-demo-dependency/-/npm-demo-dependency-2.0.2.tgz",
      "integrity": "sha512-zzeBhaZ6uQ/qx1cnJlSktjw85SC4PAuS/5OGanOdEQuqmZj8JmPK5/D5pQXxTUH/9DFDQCqNsIZPmvQEa4w3nQ==",
      "dependencies": {
        "@spake/npm-demo-shared-dependency": "^1.0.0"
      },
      "peerDependencies": {
        "@spake/npm-demo-peer-dependency": "^1.5.0"
      }
    },
    "node_modules/@spake/npm-demo-peer-dependency": {
      "version": "2.0.0",
      "resolved": "https://registry.npmjs.org/@spake/npm-demo-peer-dependency/-/npm-demo-peer-dependency-2.0.0.tgz",
      "integrity": "sha512-GJdDSMSDIl7o/je3fhaVv94yY1pbdWt3YZX09kjPVOmJ8LDtRK8oW2Jl2rdVGMHtTFLd7hrE6EfiV+oIeJSlRA=="
    },
    "node_modules/@spake/npm-demo-shared-dependency": {
      "version": "1.5.0",
      "resolved": "https://registry.npmjs.org/@spake/npm-demo-shared-dependency/-/npm-demo-shared-dependency-1.5.0.tgz",
      "integrity": "sha512-ZvHVNPNuLAKCpQa/1mWzolMiPKRsPY8S9cORw+G6t5x97PM8YplUEB/EnXBieHHLeH0BKAI/TLjALUt2Zk1k9w=="
    }
  },
  "dependencies": {
    "@spake/npm-demo-dependency": {
      "version": "2.0.2",
      "resolved": "https://registry.npmjs.org/@spake/npm-demo-dependency/-/npm-demo-dependency-2.0.2.tgz",
      "integrity": "sha512-zzeBhaZ6uQ/qx1cnJlSktjw85SC4PAuS/5OGanOdEQuqmZj8JmPK5/D5pQXxTUH/9DFDQCqNsIZPmvQEa4w3nQ==",
      "requires": {
        "@spake/npm-demo-shared-dependency": "^1.0.0"
      }
    },
    "@spake/npm-demo-peer-dependency": {
      "version": "2.0.0",
      "resolved": "https://registry.npmjs.org/@spake/npm-demo-peer-dependency/-/npm-demo-peer-dependency-2.0.0.tgz",
      "integrity": "sha512-GJdDSMSDIl7o/je3fhaVv94yY1pbdWt3YZX09kjPVOmJ8LDtRK8oW2Jl2rdVGMHtTFLd7hrE6EfiV+oIeJSlRA=="
    },
    "@spake/npm-demo-shared-dependency": {
      "version": "1.5.0",
      "resolved": "https://registry.npmjs.org/@spake/npm-demo-shared-dependency/-/npm-demo-shared-dependency-1.5.0.tgz",
      "integrity": "sha512-ZvHVNPNuLAKCpQa/1mWzolMiPKRsPY8S9cORw+G6t5x97PM8YplUEB/EnXBieHHLeH0BKAI/TLjALUt2Zk1k9w=="
    }
  }
}
